
Microsoft Visual Studio Solution File, Format Version 12.00
# Visual Studio 15
VisualStudioVersion = 15.0.27703.2018
MinimumVisualStudioVersion = 10.0.40219.1
Project("{FAE04EC0-301F-11D3-BF4B-00C04F79EFBC}") = "LearningCore", "LearningCore\LearningCore.csproj", "{F71F9C28-F5EC-4608-B053-9A0CF8F04E8C}"
EndProject
Global
	GlobalSection(SolutionConfigurationPlatforms) = preSolution
		Debug|Any CPU = Debug|Any CPU
		Release|Any CPU = Release|Any CPU
	EndGlobalSection
	GlobalSection(ProjectConfigurationPlatforms) = postSolution
		{F71F9C28-F5EC-4608-B053-9A0CF8F04E8C}.Debug|Any CPU.ActiveCfg = Debug|Any CPU
		{F71F9C28-F5EC-4608-B053-9A0CF8F04E8C}.Debug|Any CPU.Build.0 = Debug|Any CPU
		{F71F9C28-F5EC-4608-B053-9A0CF8F04E8C}.Release|Any CPU.ActiveCfg = Release|Any CPU
		{F71F9C28-F5EC-4608-B053-9A0CF8F04E8C}.Release|Any CPU.Build.0 = Release|Any CPU
	EndGlobalSection
	GlobalSection(SolutionProperties) = preSolution
		HideSolutionNode = FALSE
	EndGlobalSection
	GlobalSection(ExtensibilityGlobals) = postSolution
		SolutionGuid = {48D25E87-C550-4DC3-A524-47311D5C8324}
	EndGlobalSection
EndGlobal
